
Microsoft Visual Studio Solution File, Format Version 12.00
# Visual Studio Version 16
VisualStudioVersion = 16.0.33927.289
MinimumVisualStudioVersion = 10.0.40219.1
Project("{FAE04EC0-301F-11D3-BF4B-00C04F79EFBC}") = "WebApplication", "WebApplication.csproj", "{0C20E1A6-C555-4067-92FC-9A59D209CECD}"
EndProject
Global
	GlobalSection(SolutionConfigurationPlatforms) = preSolution
		Debug|Any CPU = Debug|Any CPU
		Release|Any CPU = Release|Any CPU
	EndGlobalSection
	GlobalSection(ProjectConfigurationPlatforms) = postSolution
		{0C20E1A6-C555-4067-92FC-9A59D209CECD}.Debug|Any CPU.ActiveCfg = Debug|Any CPU
		{0C20E1A6-C555-4067-92FC-9A59D209CECD}.Debug|Any CPU.Build.0 = Debug|Any CPU
		{0C20E1A6-C555-4067-92FC-9A59D209CECD}.Release|Any CPU.ActiveCfg = Release|Any CPU
		{0C20E1A6-C555-4067-92FC-9A59D209CECD}.Release|Any CPU.Build.0 = Release|Any CPU
	EndGlobalSection
	GlobalSection(SolutionProperties) = preSolution
		HideSolutionNode = FALSE
	EndGlobalSection
	GlobalSection(ExtensibilityGlobals) = postSolution
		SolutionGuid = {6C68DB16-6512-4B04-ACDD-16D5B0D2CC7C}
	EndGlobalSection
EndGlobal
